
Microsoft Visual Studio Solution File, Format Version 12.00
# Visual Studio Version 17
VisualStudioVersion = 17.1.32328.378
MinimumVisualStudioVersion = 10.0.40219.1
Project("{9092AA53-FB77-4645-B42D-1CCCA6BD08BD}") = "OnyxFateStore", "OnyxFateStore\OnyxFateStore.njsproj", "{FDF5E8F3-D0AD-4E64-9779-77BD6A1B2D41}"
EndProject
Global
	GlobalSection(SolutionConfigurationPlatforms) = preSolution
		Debug|Any CPU = Debug|Any CPU
		Release|Any CPU = Release|Any CPU
	EndGlobalSection
	GlobalSection(ProjectConfigurationPlatforms) = postSolution
		{FDF5E8F3-D0AD-4E64-9779-77BD6A1B2D41}.Debug|Any CPU.ActiveCfg = Debug|Any CPU
		{FDF5E8F3-D0AD-4E64-9779-77BD6A1B2D41}.Debug|Any CPU.Build.0 = Debug|Any CPU
		{FDF5E8F3-D0AD-4E64-9779-77BD6A1B2D41}.Release|Any CPU.ActiveCfg = Release|Any CPU
		{FDF5E8F3-D0AD-4E64-9779-77BD6A1B2D41}.Release|Any CPU.Build.0 = Release|Any CPU
	EndGlobalSection
	GlobalSection(SolutionProperties) = preSolution
		HideSolutionNode = FALSE
	EndGlobalSection
	GlobalSection(ExtensibilityGlobals) = postSolution
		SolutionGuid = {805BA418-54D5-410F-A6B5-E301AB2D6C10}
	EndGlobalSection
EndGlobal
